Microsoft Visual Studio Solution File, Format Version 12.00
# Visual Studio 15
VisualStudioVersion = 15.0.27428.2043
MinimumVisualStudioVersion = 10.0.40219.1
Project("{FAE04EC0-301F-11D3-BF4B-00C04F79EFBC}") = "DataLayer", "DataLayer\DataLayer.csproj", "{4C8B05C3-1FB2-47E4-9BFA-ACBF1469B404}"
EndProject
Project("{FAE04EC0-301F-11D3-BF4B-00C04F79EFBC}") = "DataAcessLayer", "DataAcessLayer\DataAcessLayer.csproj", "{74389ECF-D740-40A7-8B7A-5A157D242FE7}"
EndProject
Project("{FAE04EC0-301F-11D3-BF4B-00C04F79EFBC}") = "ClassLibrary1", "ClassLibrary1\ClassLibrary1.csproj", "{39DF8E35-0CBE-4652-9652-AD88F163984E}"
EndProject
Project("{FAE04EC0-301F-11D3-BF4B-00C04F79EFBC}") = "WebApplication1", "WebApplication1\WebApplication1.csproj", "{8A512AC4-CF24-4E32-9B9E-C6911F5E7116}"
EndProject
Project("{FAE04EC0-301F-11D3-BF4B-00C04F79EFBC}") = "WebApplication1.Tests", "WebApplication1.Tests\WebApplication1.Tests.csproj", "{518C2A4E-83BC-42BD-AA0F-FCFD5EFF900C}"
EndProject
Global
	GlobalSection(SolutionConfigurationPlatforms) = preSolution
		Debug|Any CPU = Debug|Any CPU
		Debug|x86 = Debug|x86
		Release|Any CPU = Release|Any CPU
		Release|x86 = Release|x86
	EndGlobalSection
	GlobalSection(ProjectConfigurationPlatforms) = postSolution
		{4C8B05C3-1FB2-47E4-9BFA-ACBF1469B404}.Debug|Any CPU.ActiveCfg = Debug|Any CPU
		{4C8B05C3-1FB2-47E4-9BFA-ACBF1469B404}.Debug|Any CPU.Build.0 = Debug|Any CPU
		{4C8B05C3-1FB2-47E4-9BFA-ACBF1469B404}.Debug|x86.ActiveCfg = Debug|Any CPU
		{4C8B05C3-1FB2-47E4-9BFA-ACBF1469B404}.Debug|x86.Build.0 = Debug|Any CPU
		{4C8B05C3-1FB2-47E4-9BFA-ACBF1469B404}.Release|Any CPU.ActiveCfg = Release|Any CPU
		{4C8B05C3-1FB2-47E4-9BFA-ACBF1469B404}.Release|Any CPU.Build.0 = Release|Any CPU
		{4C8B05C3-1FB2-47E4-9BFA-ACBF1469B404}.Release|x86.ActiveCfg = Release|Any CPU
		{4C8B05C3-1FB2-47E4-9BFA-ACBF1469B404}.Release|x86.Build.0 = Release|Any CPU
		{74389ECF-D740-40A7-8B7A-5A157D242FE7}.Debug|Any CPU.ActiveCfg = Debug|Any CPU
		{74389ECF-D740-40A7-8B7A-5A157D242FE7}.Debug|Any CPU.Build.0 = Debug|Any CPU
		{74389ECF-D740-40A7-8B7A-5A157D242FE7}.Debug|x86.ActiveCfg = Debug|Any CPU
		{74389ECF-D740-40A7-8B7A-5A157D242FE7}.Debug|x86.Build.0 = Debug|Any CPU
		{74389ECF-D740-40A7-8B7A-5A157D242FE7}.Release|Any CPU.ActiveCfg = Release|Any CPU
		{74389ECF-D740-40A7-8B7A-5A157D242FE7}.Release|Any CPU.Build.0 = Release|Any CPU
		{74389ECF-D740-40A7-8B7A-5A157D242FE7}.Release|x86.ActiveCfg = Release|Any CPU
		{74389ECF-D740-40A7-8B7A-5A157D242FE7}.Release|x86.Build.0 = Release|Any CPU
		{39DF8E35-0CBE-4652-9652-AD88F163984E}.Debug|Any CPU.ActiveCfg = Debug|Any CPU
		{39DF8E35-0CBE-4652-9652-AD88F163984E}.Debug|Any CPU.Build.0 = Debug|Any CPU
		{39DF8E35-0CBE-4652-9652-AD88F163984E}.Debug|x86.ActiveCfg = Debug|Any CPU
		{39DF8E35-0CBE-4652-9652-AD88F163984E}.Debug|x86.Build.0 = Debug|Any CPU
		{39DF8E35-0CBE-4652-9652-AD88F163984E}.Release|Any CPU.ActiveCfg = Release|Any CPU
		{39DF8E35-0CBE-4652-9652-AD88F163984E}.Release|Any CPU.Build.0 = Release|Any CPU
		{39DF8E35-0CBE-4652-9652-AD88F163984E}.Release|x86.ActiveCfg = Release|Any CPU
		{39DF8E35-0CBE-4652-9652-AD88F163984E}.Release|x86.Build.0 = Release|Any CPU
		{8A512AC4-CF24-4E32-9B9E-C6911F5E7116}.Debug|Any CPU.ActiveCfg = Debug|Any CPU
		{8A512AC4-CF24-4E32-9B9E-C6911F5E7116}.Debug|Any CPU.Build.0 = Debug|Any CPU
		{8A512AC4-CF24-4E32-9B9E-C6911F5E7116}.Debug|x86.ActiveCfg = Debug|Any CPU
		{8A512AC4-CF24-4E32-9B9E-C6911F5E7116}.Debug|x86.Build.0 = Debug|Any CPU
		{8A512AC4-CF24-4E32-9B9E-C6911F5E7116}.Release|Any CPU.ActiveCfg = Release|Any CPU
		{8A512AC4-CF24-4E32-9B9E-C6911F5E7116}.Release|Any CPU.Build.0 = Release|Any CPU
		{8A512AC4-CF24-4E32-9B9E-C6911F5E7116}.Release|x86.ActiveCfg = Release|Any CPU
		{8A512AC4-CF24-4E32-9B9E-C6911F5E7116}.Release|x86.Build.0 = Release|Any CPU
		{518C2A4E-83BC-42BD-AA0F-FCFD5EFF900C}.Debug|Any CPU.ActiveCfg = Debug|Any CPU
		{518C2A4E-83BC-42BD-AA0F-FCFD5EFF900C}.Debug|Any CPU.Build.0 = Debug|Any CPU
		{518C2A4E-83BC-42BD-AA0F-FCFD5EFF900C}.Debug|x86.ActiveCfg = Debug|Any CPU
		{518C2A4E-83BC-42BD-AA0F-FCFD5EFF900C}.Debug|x86.Build.0 = Debug|Any CPU
		{518C2A4E-83BC-42BD-AA0F-FCFD5EFF900C}.Release|Any CPU.ActiveCfg = Release|Any CPU
		{518C2A4E-83BC-42BD-AA0F-FCFD5EFF900C}.Release|Any CPU.Build.0 = Release|Any CPU
		{518C2A4E-83BC-42BD-AA0F-FCFD5EFF900C}.Release|x86.ActiveCfg = Release|Any CPU
		{518C2A4E-83BC-42BD-AA0F-FCFD5EFF900C}.Release|x86.Build.0 = Release|Any CPU
	EndGlobalSection
	GlobalSection(SolutionProperties) = preSolution
		HideSolutionNode = FALSE
	EndGlobalSection
	GlobalSection(ExtensibilityGlobals) = postSolution
		SolutionGuid = {E55C14F2-23DE-447D-BF1F-C99C4F221E01}
	EndGlobalSection
EndGlobal
